
Microsoft Visual Studio Solution File, Format Version 12.00
# Visual Studio 15
VisualStudioVersion = 15.0.27703.2026
MinimumVisualStudioVersion = 10.0.40219.1
Project("{FAE04EC0-301F-11D3-BF4B-00C04F79EFBC}") = "ParallelGeneticAlgorithm", "ParallelGeneticAlgorithm\ParallelGeneticAlgorithm.csproj", "{902DFC3F-7FFE-40B2-B9A1-07AEAE442F65}"
EndProject
Project("{FAE04EC0-301F-11D3-BF4B-00C04F79EFBC}") = "GeneticAlgorithm", "GeneticAlgorithm\GeneticAlgorithm.csproj", "{4FBB75FC-FC26-4FF5-A999-5D31436BAB91}"
EndProject
Project("{FAE04EC0-301F-11D3-BF4B-00C04F79EFBC}") = "GAForm", "GAForm\GAForm.csproj", "{B0F732CE-B305-48E2-A0E6-2800BA5AC5A5}"
EndProject
Global
	GlobalSection(SolutionConfigurationPlatforms) = preSolution
		Debug|Any CPU = Debug|Any CPU
		Debug|x64 = Debug|x64
		Debug|x86 = Debug|x86
		Release|Any CPU = Release|Any CPU
		Release|x64 = Release|x64
		Release|x86 = Release|x86
	EndGlobalSection
	GlobalSection(ProjectConfigurationPlatforms) = postSolution
		{902DFC3F-7FFE-40B2-B9A1-07AEAE442F65}.Debug|Any CPU.ActiveCfg = Debug|Any CPU
		{902DFC3F-7FFE-40B2-B9A1-07AEAE442F65}.Debug|Any CPU.Build.0 = Debug|Any CPU
		{902DFC3F-7FFE-40B2-B9A1-07AEAE442F65}.Debug|x64.ActiveCfg = Debug|x64
		{902DFC3F-7FFE-40B2-B9A1-07AEAE442F65}.Debug|x64.Build.0 = Debug|x64
		{902DFC3F-7FFE-40B2-B9A1-07AEAE442F65}.Debug|x86.ActiveCfg = Debug|x86
		{902DFC3F-7FFE-40B2-B9A1-07AEAE442F65}.Debug|x86.Build.0 = Debug|x86
		{902DFC3F-7FFE-40B2-B9A1-07AEAE442F65}.Release|Any CPU.ActiveCfg = Release|Any CPU
		{902DFC3F-7FFE-40B2-B9A1-07AEAE442F65}.Release|Any CPU.Build.0 = Release|Any CPU
		{902DFC3F-7FFE-40B2-B9A1-07AEAE442F65}.Release|x64.ActiveCfg = Release|x64
		{902DFC3F-7FFE-40B2-B9A1-07AEAE442F65}.Release|x64.Build.0 = Release|x64
		{902DFC3F-7FFE-40B2-B9A1-07AEAE442F65}.Release|x86.ActiveCfg = Release|x86
		{902DFC3F-7FFE-40B2-B9A1-07AEAE442F65}.Release|x86.Build.0 = Release|x86
		{4FBB75FC-FC26-4FF5-A999-5D31436BAB91}.Debug|Any CPU.ActiveCfg = Debug|Any CPU
		{4FBB75FC-FC26-4FF5-A999-5D31436BAB91}.Debug|Any CPU.Build.0 = Debug|Any CPU
		{4FBB75FC-FC26-4FF5-A999-5D31436BAB91}.Debug|x64.ActiveCfg = Debug|x64
		{4FBB75FC-FC26-4FF5-A999-5D31436BAB91}.Debug|x64.Build.0 = Debug|x64
		{4FBB75FC-FC26-4FF5-A999-5D31436BAB91}.Debug|x86.ActiveCfg = Debug|x86
		{4FBB75FC-FC26-4FF5-A999-5D31436BAB91}.Debug|x86.Build.0 = Debug|x86
		{4FBB75FC-FC26-4FF5-A999-5D31436BAB91}.Release|Any CPU.ActiveCfg = Release|Any CPU
		{4FBB75FC-FC26-4FF5-A999-5D31436BAB91}.Release|Any CPU.Build.0 = Release|Any CPU
		{4FBB75FC-FC26-4FF5-A999-5D31436BAB91}.Release|x64.ActiveCfg = Release|x64
		{4FBB75FC-FC26-4FF5-A999-5D31436BAB91}.Release|x64.Build.0 = Release|x64
		{4FBB75FC-FC26-4FF5-A999-5D31436BAB91}.Release|x86.ActiveCfg = Release|x86
		{4FBB75FC-FC26-4FF5-A999-5D31436BAB91}.Release|x86.Build.0 = Release|x86
		{B0F732CE-B305-48E2-A0E6-2800BA5AC5A5}.Debug|Any CPU.ActiveCfg = Debug|Any CPU
		{B0F732CE-B305-48E2-A0E6-2800BA5AC5A5}.Debug|Any CPU.Build.0 = Debug|Any CPU
		{B0F732CE-B305-48E2-A0E6-2800BA5AC5A5}.Debug|x64.ActiveCfg = Debug|x64
		{B0F732CE-B305-48E2-A0E6-2800BA5AC5A5}.Debug|x64.Build.0 = Debug|x64
		{B0F732CE-B305-48E2-A0E6-2800BA5AC5A5}.Debug|x86.ActiveCfg = Debug|x86
		{B0F732CE-B305-48E2-A0E6-2800BA5AC5A5}.Debug|x86.Build.0 = Debug|x86
		{B0F732CE-B305-48E2-A0E6-2800BA5AC5A5}.Release|Any CPU.ActiveCfg = Release|Any CPU
		{B0F732CE-B305-48E2-A0E6-2800BA5AC5A5}.Release|Any CPU.Build.0 = Release|Any CPU
		{B0F732CE-B305-48E2-A0E6-2800BA5AC5A5}.Release|x64.ActiveCfg = Release|x64
		{B0F732CE-B305-48E2-A0E6-2800BA5AC5A5}.Release|x64.Build.0 = Release|x64
		{B0F732CE-B305-48E2-A0E6-2800BA5AC5A5}.Release|x86.ActiveCfg = Release|x86
		{B0F732CE-B305-48E2-A0E6-2800BA5AC5A5}.Release|x86.Build.0 = Release|x86
	EndGlobalSection
	GlobalSection(SolutionProperties) = preSolution
		HideSolutionNode = FALSE
	EndGlobalSection
	GlobalSection(ExtensibilityGlobals) = postSolution
		SolutionGuid = {53A12DF9-AEC4-4242-B8FA-BEEC0F473E1F}
	EndGlobalSection
EndGlobal
